
Microsoft Visual Studio Solution File, Format Version 12.00
# Visual Studio Version 17
VisualStudioVersion = 17.13.35919.96 d17.13
MinimumVisualStudioVersion = 10.0.40219.1
Project("{FAE04EC0-301F-11D3-BF4B-00C04F79EFBC}") = "Iterator", "DesignPatterns\Iterator.csproj", "{17E34C29-A609-4867-A5DF-15B3BACCE46B}"
EndProject
Global
	GlobalSection(SolutionConfigurationPlatforms) = preSolution
		Debug|Any CPU = Debug|Any CPU
		Release|Any CPU = Release|Any CPU
	EndGlobalSection
	GlobalSection(ProjectConfigurationPlatforms) = postSolution
		{17E34C29-A609-4867-A5DF-15B3BACCE46B}.Debug|Any CPU.ActiveCfg = Debug|Any CPU
		{17E34C29-A609-4867-A5DF-15B3BACCE46B}.Debug|Any CPU.Build.0 = Debug|Any CPU
		{17E34C29-A609-4867-A5DF-15B3BACCE46B}.Release|Any CPU.ActiveCfg = Release|Any CPU
		{17E34C29-A609-4867-A5DF-15B3BACCE46B}.Release|Any CPU.Build.0 = Release|Any CPU
	EndGlobalSection
	GlobalSection(SolutionProperties) = preSolution
		HideSolutionNode = FALSE
	EndGlobalSection
	GlobalSection(ExtensibilityGlobals) = postSolution
		SolutionGuid = {0F03B19A-F40A-4B1F-94B8-D291DC5DC7C7}
	EndGlobalSection
EndGlobal
